#MicroXplorer Configuration settings - do not modify
Mcu.Family=STM32F1
NVIC.SysTick_IRQn=true\:15\:0\:false\:false\:false\:true\:false\:false
ProjectManager.LastFirmware=true
ProjectManager.MainLocation=Src
ProjectManager.FirmwarePackage=STM32Cube FW_F1 V1.8.0
MxDb.Version=DB.5.0.60
ProjectManager.ProjectFileName=Enki.ioc
RCC.APB2Freq_Value=8000000
ProjectManager.BackupPrevious=false
FREERTOS.Tasks01=defaultTask,24,128,StartDefaultTask,Default,NULL,Dynamic,NULL,NULL
MxCube.Version=5.6.0
VP_SYS_VS_tim1.Signal=SYS_VS_tim1
ProjectManager.KeepUserCode=true
PA14.Mode=Serial_Wire
Mcu.UserName=STM32F103C8Tx
Mcu.PinsNb=4
VP_SYS_VS_tim1.Mode=TIM1
ProjectManager.NoMain=false
File.Version=6
RCC.PLLCLKFreq_Value=8000000
NVIC.NonMaskableInt_IRQn=true\:0\:0\:false\:false\:true\:false\:false\:false
NVIC.PendSV_IRQn=true\:15\:0\:false\:false\:false\:true\:false\:false
ProjectManager.functionlistsort=1-MX_GPIO_Init-GPIO-false-HAL-true,2-SystemClock_Config-RCC-false-HAL-false
PA13.Mode=Serial_Wire
ProjectManager.FreePins=false
RCC.IPParameters=APB1Freq_Value,APB2Freq_Value,FamilyName,PLLCLKFreq_Value,PLLMCOFreq_Value,TimSysFreq_Value
ProjectManager.DefaultFWLocation=true
ProjectManager.AskForMigrate=true
Mcu.Name=STM32F103C(8-B)Tx
NVIC.TIM1_UP_IRQn=true\:0\:0\:false\:false\:true\:false\:false\:true
ProjectManager.HalAssertFull=false
ProjectManager.DeletePrevious=true
ProjectManager.ProjectName=Enki
ProjectManager.UnderRoot=true
VP_FREERTOS_VS_CMSIS_V2.Signal=FREERTOS_VS_CMSIS_V2
RCC.PLLMCOFreq_Value=4000000
ProjectManager.CoupleFile=false
PinOutPanel.RotationAngle=0
Mcu.Package=LQFP48
RCC.FamilyName=M
RCC.TimSysFreq_Value=8000000
ProjectManager.StackSize=0x400
NVIC.TimeBase=TIM1_UP_IRQn
VP_FREERTOS_VS_CMSIS_V2.Mode=CMSIS_V2
NVIC.ForceEnableDMAVector=true
KeepUserPlacement=false
PA13.Signal=SYS_JTMS-SWDIO
NVIC.MemoryManagement_IRQn=true\:0\:0\:false\:false\:true\:false\:false\:false
ProjectManager.CompilerOptimize=6
NVIC.SVCall_IRQn=true\:0\:0\:false\:false\:false\:false\:false\:false
Mcu.IP2=RCC
ProjectManager.ToolChainLocation=
Mcu.IP3=SYS
Mcu.IP0=FREERTOS
Mcu.IP1=NVIC
NVIC.TimeBaseIP=TIM1
PA14.Signal=SYS_JTCK-SWCLK
ProjectManager.HeapSize=0x200
NVIC.HardFault_IRQn=true\:0\:0\:false\:false\:true\:false\:false\:false
Mcu.UserConstants=
ProjectManager.TargetToolchain=SW4STM32
ProjectManager.ComputerToolchain=false
Mcu.ThirdPartyNb=0
NVIC.PriorityGroup=NVIC_PRIORITYGROUP_4
Mcu.IPNb=4
ProjectManager.PreviousToolchain=SW4STM32
NVIC.BusFault_IRQn=true\:0\:0\:false\:false\:true\:false\:false\:false
FREERTOS.IPParameters=Tasks01
RCC.APB1Freq_Value=8000000
Mcu.Pin0=PA13
Mcu.Pin1=PA14
GPIO.groupedBy=
Mcu.Pin2=VP_FREERTOS_VS_CMSIS_V2
ProjectManager.CustomerFirmwarePackage=
Mcu.Pin3=VP_SYS_VS_tim1
ProjectManager.DeviceId=STM32F103C8Tx
ProjectManager.LibraryCopy=1
ProjectManager.ProjectBuild=false
NVIC.UsageFault_IRQn=true\:0\:0\:false\:false\:true\:false\:false\:false
NVIC.DebugMonitor_IRQn=true\:0\:0\:false\:false\:true\:false\:false\:false
board=custom
